
Microsoft Visual Studio Solution File, Format Version 12.00
# Visual Studio 15
VisualStudioVersion = 15.0.25807.0
MinimumVisualStudioVersion = 10.0.40219.1
Project("{2150E333-8FDC-42A3-9474-1A3956D46DE8}") = "Engine", "Engine", "{D119C7EE-D931-4EFF-A3F2-315683E694F0}"
EndProject
Project("{2150E333-8FDC-42A3-9474-1A3956D46DE8}") = "Games", "Games", "{9322DE78-53C4-4919-A480-5DCF0E0EE2A9}"
EndProject
Project("{8BC9CEB8-8B4A-11D0-8D11-00A0C91BC942}") = "UE4", "Intermediate\ProjectFiles\UE4.vcxproj", "{D69534A7-608E-450E-99BD-546E40730AE4}"
EndProject
Project("{8BC9CEB8-8B4A-11D0-8D11-00A0C91BC942}") = "BuildingEscape", "Intermediate\ProjectFiles\BuildingEscape.vcxproj", "{853F5CEA-1821-4381-9854-B2D153060319}"
EndProject
Global
	GlobalSection(SolutionConfigurationPlatforms) = preSolution
		DebugGame Editor|HTML5 = DebugGame Editor|HTML5
		DebugGame Editor|Win32 = DebugGame Editor|Win32
		DebugGame Editor|Win64 = DebugGame Editor|Win64
		DebugGame|HTML5 = DebugGame|HTML5
		DebugGame|Win32 = DebugGame|Win32
		DebugGame|Win64 = DebugGame|Win64
		Development Editor|HTML5 = Development Editor|HTML5
		Development Editor|Win32 = Development Editor|Win32
		Development Editor|Win64 = Development Editor|Win64
		Development|HTML5 = Development|HTML5
		Development|Win32 = Development|Win32
		Development|Win64 = Development|Win64
		Shipping|HTML5 = Shipping|HTML5
		Shipping|Win32 = Shipping|Win32
		Shipping|Win64 = Shipping|Win64
	EndGlobalSection
	GlobalSection(ProjectConfigurationPlatforms) = postSolution
		{D69534A7-608E-450E-99BD-546E40730AE4}.DebugGame Editor|HTML5.ActiveCfg = BuiltWithUnrealBuildTool|Win32
		{D69534A7-608E-450E-99BD-546E40730AE4}.DebugGame Editor|HTML5.Build.0 = BuiltWithUnrealBuildTool|Win32
		{D69534A7-608E-450E-99BD-546E40730AE4}.DebugGame Editor|Win32.ActiveCfg = BuiltWithUnrealBuildTool|Win32
		{D69534A7-608E-450E-99BD-546E40730AE4}.DebugGame Editor|Win32.Build.0 = BuiltWithUnrealBuildTool|Win32
		{D69534A7-608E-450E-99BD-546E40730AE4}.DebugGame Editor|Win64.ActiveCfg = BuiltWithUnrealBuildTool|Win32
		{D69534A7-608E-450E-99BD-546E40730AE4}.DebugGame Editor|Win64.Build.0 = BuiltWithUnrealBuildTool|Win32
		{D69534A7-608E-450E-99BD-546E40730AE4}.DebugGame|HTML5.ActiveCfg = BuiltWithUnrealBuildTool|Win32
		{D69534A7-608E-450E-99BD-546E40730AE4}.DebugGame|HTML5.Build.0 = BuiltWithUnrealBuildTool|Win32
		{D69534A7-608E-450E-99BD-546E40730AE4}.DebugGame|Win32.ActiveCfg = BuiltWithUnrealBuildTool|Win32
		{D69534A7-608E-450E-99BD-546E40730AE4}.DebugGame|Win32.Build.0 = BuiltWithUnrealBuildTool|Win32
		{D69534A7-608E-450E-99BD-546E40730AE4}.DebugGame|Win64.ActiveCfg = BuiltWithUnrealBuildTool|Win32
		{D69534A7-608E-450E-99BD-546E40730AE4}.DebugGame|Win64.Build.0 = BuiltWithUnrealBuildTool|Win32
		{D69534A7-608E-450E-99BD-546E40730AE4}.Development Editor|HTML5.ActiveCfg = BuiltWithUnrealBuildTool|Win32
		{D69534A7-608E-450E-99BD-546E40730AE4}.Development Editor|HTML5.Build.0 = BuiltWithUnrealBuildTool|Win32
		{D69534A7-608E-450E-99BD-546E40730AE4}.Development Editor|Win32.ActiveCfg = BuiltWithUnrealBuildTool|Win32
		{D69534A7-608E-450E-99BD-546E40730AE4}.Development Editor|Win32.Build.0 = BuiltWithUnrealBuildTool|Win32
		{D69534A7-608E-450E-99BD-546E40730AE4}.Development Editor|Win64.ActiveCfg = BuiltWithUnrealBuildTool|Win32
		{D69534A7-608E-450E-99BD-546E40730AE4}.Development Editor|Win64.Build.0 = BuiltWithUnrealBuildTool|Win32
		{D69534A7-608E-450E-99BD-546E40730AE4}.Development|HTML5.ActiveCfg = BuiltWithUnrealBuildTool|Win32
		{D69534A7-608E-450E-99BD-546E40730AE4}.Development|HTML5.Build.0 = BuiltWithUnrealBuildTool|Win32
		{D69534A7-608E-450E-99BD-546E40730AE4}.Development|Win32.ActiveCfg = BuiltWithUnrealBuildTool|Win32
		{D69534A7-608E-450E-99BD-546E40730AE4}.Development|Win32.Build.0 = BuiltWithUnrealBuildTool|Win32
		{D69534A7-608E-450E-99BD-546E40730AE4}.Development|Win64.ActiveCfg = BuiltWithUnrealBuildTool|Win32
		{D69534A7-608E-450E-99BD-546E40730AE4}.Development|Win64.Build.0 = BuiltWithUnrealBuildTool|Win32
		{D69534A7-608E-450E-99BD-546E40730AE4}.Shipping|HTML5.ActiveCfg = BuiltWithUnrealBuildTool|Win32
		{D69534A7-608E-450E-99BD-546E40730AE4}.Shipping|HTML5.Build.0 = BuiltWithUnrealBuildTool|Win32
		{D69534A7-608E-450E-99BD-546E40730AE4}.Shipping|Win32.ActiveCfg = BuiltWithUnrealBuildTool|Win32
		{D69534A7-608E-450E-99BD-546E40730AE4}.Shipping|Win32.Build.0 = BuiltWithUnrealBuildTool|Win32
		{D69534A7-608E-450E-99BD-546E40730AE4}.Shipping|Win64.ActiveCfg = BuiltWithUnrealBuildTool|Win32
		{D69534A7-608E-450E-99BD-546E40730AE4}.Shipping|Win64.Build.0 = BuiltWithUnrealBuildTool|Win32
		{853F5CEA-1821-4381-9854-B2D153060319}.DebugGame Editor|HTML5.ActiveCfg = HTML5_DebugGame_Editor|Win32
		{853F5CEA-1821-4381-9854-B2D153060319}.DebugGame Editor|Win32.ActiveCfg = DebugGame_Editor|Win32
		{853F5CEA-1821-4381-9854-B2D153060319}.DebugGame Editor|Win64.ActiveCfg = DebugGame_Editor|x64
		{853F5CEA-1821-4381-9854-B2D153060319}.DebugGame Editor|Win64.Build.0 = DebugGame_Editor|x64
		{853F5CEA-1821-4381-9854-B2D153060319}.DebugGame|HTML5.ActiveCfg = HTML5_DebugGame_Game|Win32
		{853F5CEA-1821-4381-9854-B2D153060319}.DebugGame|HTML5.Build.0 = HTML5_DebugGame_Game|Win32
		{853F5CEA-1821-4381-9854-B2D153060319}.DebugGame|Win32.ActiveCfg = DebugGame_Game|Win32
		{853F5CEA-1821-4381-9854-B2D153060319}.DebugGame|Win32.Build.0 = DebugGame_Game|Win32
		{853F5CEA-1821-4381-9854-B2D153060319}.DebugGame|Win64.ActiveCfg = DebugGame_Game|x64
		{853F5CEA-1821-4381-9854-B2D153060319}.DebugGame|Win64.Build.0 = DebugGame_Game|x64
		{853F5CEA-1821-4381-9854-B2D153060319}.Development Editor|HTML5.ActiveCfg = HTML5_Development_Editor|Win32
		{853F5CEA-1821-4381-9854-B2D153060319}.Development Editor|Win32.ActiveCfg = Development_Editor|Win32
		{853F5CEA-1821-4381-9854-B2D153060319}.Development Editor|Win64.ActiveCfg = Development_Editor|x64
		{853F5CEA-1821-4381-9854-B2D153060319}.Development Editor|Win64.Build.0 = Development_Editor|x64
		{853F5CEA-1821-4381-9854-B2D153060319}.Development|HTML5.ActiveCfg = HTML5_Development_Game|Win32
		{853F5CEA-1821-4381-9854-B2D153060319}.Development|HTML5.Build.0 = HTML5_Development_Game|Win32
		{853F5CEA-1821-4381-9854-B2D153060319}.Development|Win32.ActiveCfg = Development_Game|Win32
		{853F5CEA-1821-4381-9854-B2D153060319}.Development|Win32.Build.0 = Development_Game|Win32
		{853F5CEA-1821-4381-9854-B2D153060319}.Development|Win64.ActiveCfg = Development_Game|x64
		{853F5CEA-1821-4381-9854-B2D153060319}.Development|Win64.Build.0 = Development_Game|x64
		{853F5CEA-1821-4381-9854-B2D153060319}.Shipping|HTML5.ActiveCfg = HTML5_Shipping_Game|Win32
		{853F5CEA-1821-4381-9854-B2D153060319}.Shipping|HTML5.Build.0 = HTML5_Shipping_Game|Win32
		{853F5CEA-1821-4381-9854-B2D153060319}.Shipping|Win32.ActiveCfg = Shipping_Game|Win32
		{853F5CEA-1821-4381-9854-B2D153060319}.Shipping|Win32.Build.0 = Shipping_Game|Win32
		{853F5CEA-1821-4381-9854-B2D153060319}.Shipping|Win64.ActiveCfg = Shipping_Game|x64
		{853F5CEA-1821-4381-9854-B2D153060319}.Shipping|Win64.Build.0 = Shipping_Game|x64
	EndGlobalSection
	GlobalSection(SolutionProperties) = preSolution
		HideSolutionNode = FALSE
	EndGlobalSection
	GlobalSection(NestedProjects) = preSolution
		{D69534A7-608E-450E-99BD-546E40730AE4} = {D119C7EE-D931-4EFF-A3F2-315683E694F0}
		{853F5CEA-1821-4381-9854-B2D153060319} = {9322DE78-53C4-4919-A480-5DCF0E0EE2A9}
	EndGlobalSection
	GlobalSection(ExtensibilityGlobals) = postSolution
		SolutionGuid = {52EA87A4-2263-4594-B260-81AB1CBDB092}
	EndGlobalSection
EndGlobal
